
Microsoft Visual Studio Solution File, Format Version 11.00
# Visual C++ Express 2010
Project("{8BC9CEB8-8B4A-11D0-8D11-00A0C91BC942}") = "croc", "croc.vcxproj", "{79BA23BA-132B-4E02-9E46-69FF3B0D9500}"
EndProject
Global
	GlobalSection(SolutionConfigurationPlatforms) = preSolution
		Debug|Win32 = Debug|Win32
		Release|Win32 = Release|Win32
	EndGlobalSection
	GlobalSection(ProjectConfigurationPlatforms) = postSolution
		{79BA23BA-132B-4E02-9E46-69FF3B0D9500}.Debug|Win32.ActiveCfg = Debug|Win32
		{79BA23BA-132B-4E02-9E46-69FF3B0D9500}.Debug|Win32.Build.0 = Debug|Win32
		{79BA23BA-132B-4E02-9E46-69FF3B0D9500}.Release|Win32.ActiveCfg = Release|Win32
		{79BA23BA-132B-4E02-9E46-69FF3B0D9500}.Release|Win32.Build.0 = Release|Win32
	EndGlobalSection
	GlobalSection(SolutionProperties) = preSolution
		HideSolutionNode = FALSE
	EndGlobalSection
EndGlobal
